version: 2
harness: claude
backlog_backend: github
version_scheme: date
templates_version: 1.6.0
entries:
  .claude/CLAUDE.md:
    sha256: 37fb65b0751972064010adaea92f13467217ee9153dd07f945aace27816d6a2a
    installed_at: '2026-05-16T06:10:06.901Z'
    templates_version: 1.6.0
  .claude/agents/code-reviewer.md:
    sha256: 6e21c79d78ae31210b656e6dd06b7568fc9ff7f44af1199a54ff9ab4c3af89f8
    installed_at: '2026-05-16T06:10:06.901Z'
    templates_version: 1.6.0
  .claude/agents/developer.md:
    sha256: d9623d906e0d9b8aeef67da63b978b9e540b2babf58db215e44afaa8291b2126
    installed_at: '2026-05-16T06:10:06.901Z'
    templates_version: 1.6.0
  .claude/agents/developer/memory/MEMORY.md:
    sha256: 5d7a1f80e200daa42a07e175dc30a07cdfb935d35c2143fab41a5e6fe3a07d54
    installed_at: '2026-05-16T06:10:06.901Z'
    templates_version: 1.6.0
  .claude/agents/devops-sre.md:
    sha256: 09771acac9c0a0677b6cbcc97b72943db504569d3789630695262c1991484432
    installed_at: '2026-05-16T06:10:06.901Z'
    templates_version: 1.6.0
  .claude/agents/devops-sre/memory/MEMORY.md:
    sha256: d91cd15e700449659c9a0c249436d4c16f20a8418924ecd5ae61aaff600357b3
    installed_at: '2026-05-16T06:10:06.901Z'
    templates_version: 1.6.0
  .claude/agents/product-owner.md:
    sha256: edc91362890cd3971f0b8fafdf26d272885e0dd2acdfcea2b6b9b3997630871e
    installed_at: '2026-05-16T06:10:06.901Z'
    templates_version: 1.6.0
  .claude/agents/product-owner/memory/MEMORY.md:
    sha256: d5bc3d0fc9deabce625732abae50bca7a0a8ed27b7292f9b2d576e6b232da944
    installed_at: '2026-05-16T06:10:06.901Z'
    templates_version: 1.6.0
  .claude/agents/qa-tester.md:
    sha256: b4274bebe36a819badf80d9f9a4a5255622bb0c3d3765c8619112061a7f94c83
    installed_at: '2026-05-16T06:10:06.901Z'
    templates_version: 1.6.0
  .claude/agents/qa-tester/memory/MEMORY.md:
    sha256: e9daa6823de30d5b0f4bb739cfbda5f07416843c9ffc41cdea9f63b04537f34a
    installed_at: '2026-05-16T06:10:06.901Z'
    templates_version: 1.6.0
  .claude/agents/review-coordinator.md:
    sha256: 2f1b163bf3771dd514136d53a9aac585777eb5952b789318ae9f3cc56c188c1b
    installed_at: '2026-05-16T06:10:06.901Z'
    templates_version: 1.6.0
  .claude/agents/security-auditor.md:
    sha256: 31f9a6c77ebf0755c05d9d6555ed43edb1566bcd5049a9887283d24e2fdf86d9
    installed_at: '2026-05-16T06:10:06.901Z'
    templates_version: 1.6.0
  .claude/agents/security-auditor/memory/MEMORY.md:
    sha256: 89b4f9b2910b81896f39b2fe2a51453fe18f5364955833ece7d893d291756b41
    installed_at: '2026-05-16T06:10:06.901Z'
    templates_version: 1.6.0
  .claude/agents/specflow-expert.md:
    sha256: 4e6cdfc4e6d4f669e406c3340f4153e46eda2366641c3358d1e34bab97e51955
    installed_at: '2026-05-16T06:10:06.901Z'
    templates_version: 1.6.0
  .claude/agents/test-reviewer.md:
    sha256: 3750450851278b2dcafe2c0bbb3e737acfc897045b6455e26bad1293fa486c11
    installed_at: '2026-05-16T06:10:06.901Z'
    templates_version: 1.6.0
  .claude/agents/ui-ux-designer.md:
    sha256: b98f04b91b73181a829b6edf9af44dfa68e934ea5ac488fd44f413144528120e
    installed_at: '2026-05-16T06:10:06.901Z'
    templates_version: 1.6.0
  .claude/agents/workflow-manager.md:
    sha256: d4ad22f1736cd34f3ec58c26d9e134a03b8ed820438ca9055c6e817bef004bbc
    installed_at: '2026-05-16T06:10:06.901Z'
    templates_version: 1.6.0
  .claude/commands/backlog.md:
    sha256: acbefb3da1e5f439d2e1764185633607628397c6948ba10d50fd4e0ed7f3f381
    installed_at: '2026-05-16T06:10:06.901Z'
    templates_version: 1.6.0
  .claude/commands/specflow.md:
    sha256: 0e6e8558d825af788c36e87ed89524d8f1e1474cac08fb5b33a56ede9ec55736
    installed_at: '2026-05-16T06:10:06.901Z'
    templates_version: 1.6.0
  .claude/hooks/check-backlog-prereqs.sh:
    sha256: c432b8a455c81097595bb974c3c8173919d81ddc2ac02ee554ac841de19b5ea7
    installed_at: '2026-05-16T06:10:06.901Z'
    templates_version: 1.6.0
  .claude/hooks/log-subagent.sh:
    sha256: 81fa557431a760f12d757943101c1a97bc77c87692fad20fac1b3b5691b20cab
    installed_at: '2026-05-16T06:10:06.901Z'
    templates_version: 1.6.0
  .claude/hooks/protect-generated.sh:
    sha256: b64bd59f542455372da3c60aff08d185f2c910999125e44ec80e83b4c6450431
    installed_at: '2026-05-16T06:10:06.901Z'
    templates_version: 1.6.0
  .claude/loop.md:
    sha256: 15e48dcd83364d7a5a8a20709f71f52fca5e60bb031b8f1ba220c027b97ca300
    installed_at: '2026-05-16T06:10:06.901Z'
    templates_version: 1.6.0
  .claude/scripts/dispatch-agent.sh:
    sha256: 2467fc51d718f6855a6dde7a91cfafa81f07b3a8a4dac83a22abad566c630033
    installed_at: '2026-05-16T06:10:06.901Z'
    templates_version: 1.6.0
  .claude/skills/backlog/SKILL.md:
    sha256: ce323b55290035395e054f79fd841c1200395102fabd2157ba3fa1af5d473ae6
    installed_at: '2026-05-16T06:10:06.901Z'
    templates_version: 1.6.0
  .claude/skills/specflow-auto/SKILL.md:
    sha256: adcade0484e7fdebdb01f908119c41c9303804c54af57adcfbde0e4c5ccef059
    installed_at: '2026-05-16T06:10:06.901Z'
    templates_version: 1.6.0
  .claude/skills/specflow-review/SKILL.md:
    sha256: 65340f5294801b0ee81d1b447806b2e89b372ffd969bd49cf08e481783730a14
    installed_at: '2026-05-16T06:10:06.901Z'
    templates_version: 1.6.0
  .claude/skills/specflow/SKILL.md:
    sha256: 14376495f07d5ecd9e35b0bc988747b8c54a2169ad46777faef002cf6dd328bd
    installed_at: '2026-05-16T06:10:06.901Z'
    templates_version: 1.6.0
  .claude/skills/specflow/phases/analyze.md:
    sha256: 8f6ea95b3e616159a690dcd7654aeb20df2a93066c7c3d58aff737c283c0e356
    installed_at: '2026-05-16T06:10:06.901Z'
    templates_version: 1.6.0
  .claude/skills/specflow/phases/auto-chain.md:
    sha256: 1d63a3679ef91a24d0a6d03333714cc607c57359768bc727436f97498a3026db
    installed_at: '2026-05-16T06:10:06.901Z'
    templates_version: 1.6.0
  .claude/skills/specflow/phases/checklist.md:
    sha256: 3455c66db23d5ceca1c3dd1100832b86fc69e09d98b2b81e9c3e2b0b345589ac
    installed_at: '2026-05-16T06:10:06.901Z'
    templates_version: 1.6.0
  .claude/skills/specflow/phases/clarify.md:
    sha256: 1628e1432ac9bcf7f1876573fe1c544156fc9933c0d40bbe6c9222dbe3343d74
    installed_at: '2026-05-16T06:10:06.901Z'
    templates_version: 1.6.0
  .claude/skills/specflow/phases/constitution.md:
    sha256: 422061d94067d93debcae483a005cdf3b77e9873a7bef6a1dd7bc2b6358141d7
    installed_at: '2026-05-16T06:10:06.901Z'
    templates_version: 1.6.0
  .claude/skills/specflow/phases/groom.md:
    sha256: 527ee73e138f1f201663996594debc8afe8585da4e4f92416f217b0e2213d963
    installed_at: '2026-05-16T06:10:06.901Z'
    templates_version: 1.6.0
  .claude/skills/specflow/phases/implement.md:
    sha256: 51a9f8764e4db0326bec729093b52241c496df83bf18505448188211bd650dbf
    installed_at: '2026-05-16T06:10:06.901Z'
    templates_version: 1.6.0
  .claude/skills/specflow/phases/merge.md:
    sha256: cd1ad28081e49f9b75309cfdb0127ad517c1b6ea3493cece46d65d76e718bbb9
    installed_at: '2026-05-16T06:10:06.901Z'
    templates_version: 1.6.0
  .claude/skills/specflow/phases/plan.md:
    sha256: 1b1bb3fa4b1712e1c7b8a7bec16aedacddf0646793b3a5a3502b94a94616fdd7
    installed_at: '2026-05-16T06:10:06.901Z'
    templates_version: 1.6.0
  .claude/skills/specflow/phases/release-version.md:
    sha256: 791e0296730e9e8881b01e7c4e90f66bfc7794afdabd25b045f2d1aca4fe7cb7
    installed_at: '2026-05-16T06:10:06.901Z'
    templates_version: 1.6.0
  .claude/skills/specflow/phases/review.md:
    sha256: ce0f07122d3a8e571881bd1ca1b836712f5115bb28e32620f6a560f0bd7cb0cb
    installed_at: '2026-05-16T06:10:06.901Z'
    templates_version: 1.6.0
  .claude/skills/specflow/phases/specify.md:
    sha256: 17517109df104615708a9871aa2369d7a31cbf1dbf96a1c9000b8ff795b2d42b
    installed_at: '2026-05-16T06:10:06.901Z'
    templates_version: 1.6.0
  .claude/skills/specflow/phases/tag-version.md:
    sha256: 18edb7aae809866f82ce43e0213ba53995a10779c1ba81b7cfe933d79dfe07d6
    installed_at: '2026-05-16T06:10:06.901Z'
    templates_version: 1.6.0
  .claude/skills/specflow/phases/tasks.md:
    sha256: 5ae5d848bb940053a54685f96022a38f54bf4e7c1f6782efcb6824755bb6ede0
    installed_at: '2026-05-16T06:10:06.901Z'
    templates_version: 1.6.0
  .gitignore:
    sha256: 81635028daa1aa4a223a50f5e194978a69d762d5855b9b64063ca18d88b62675
    installed_at: '2026-05-16T06:10:06.901Z'
    templates_version: 1.6.0
  .specflow/LABELS.md:
    sha256: aa8ec965b377d26d79a56bd95c8306896c6d844715b88ca14ac4ef74c55d45e5
    installed_at: '2026-05-16T06:10:06.901Z'
    templates_version: 1.6.0
  .specflow/backlog.md:
    sha256: 7cbd49c671711cafdb82033d35130eac579f124b265c5cf2ea0797c707ca843c
    installed_at: '2026-05-16T06:10:06.901Z'
    templates_version: 1.6.0
  .specflow/memory/constitution.md:
    sha256: 67b8e1921ae5472b4ef26cd22a7ea84f7d1192d75bb0421294776132e0323462
    installed_at: '2026-05-16T06:10:06.901Z'
    templates_version: 1.6.0
  .specflow/scripts/backlog/_config.sh:
    sha256: 77548f79f90ba7b9de200269b0a46a4056537e9588cf5e12f759304b425cd436
    installed_at: '2026-05-16T06:10:06.901Z'
    templates_version: 1.6.0
  .specflow/scripts/backlog/add.sh:
    sha256: f7dc779eeb982f2e6ab63978da176a1dbd4de3381d8a6aa66b73db6fd076fb1e
    installed_at: '2026-05-16T06:10:06.901Z'
    templates_version: 1.6.0
  .specflow/scripts/backlog/cascade-check.sh:
    sha256: 9ae8be2da87348db04ba8d06007deaf44e23ab23fdead905ad0e03409314a2bc
    installed_at: '2026-05-16T06:10:06.901Z'
    templates_version: 1.6.0
  .specflow/scripts/backlog/clarify-comment.sh:
    sha256: 4e2e6d132aa19745c727ec94fed296c636a093858e496d6f314d8be89e66f026
    installed_at: '2026-05-16T06:10:06.901Z'
    templates_version: 1.6.0
  .specflow/scripts/backlog/detect-fields.sh:
    sha256: 822581a4e2f1cfb88c6acb04904774bcd634e51eca04f14d72b5de22633b65aa
    installed_at: '2026-05-16T06:10:06.901Z'
    templates_version: 1.6.0
  .specflow/scripts/backlog/ensure-labels.sh:
    sha256: 8795c1cb2ee2df052e0b512c00c6ee5c24f879eb548af42c11a74b89ed2c0699
    installed_at: '2026-05-16T06:10:06.901Z'
    templates_version: 1.6.0
  .specflow/scripts/backlog/list.sh:
    sha256: feab0488e44d91a89c9d8c0f8398e1936ec851835966dacc0052fab570c3f7dd
    installed_at: '2026-05-16T06:10:06.901Z'
    templates_version: 1.6.0
  .specflow/scripts/backlog/move.sh:
    sha256: e15c4998b9c69c49b51ecf33672c2785a3d5bde3a0c82c707b1d4158d035e9d0
    installed_at: '2026-05-16T06:10:06.901Z'
    templates_version: 1.6.0
  .specflow/scripts/backlog/set-field.sh:
    sha256: fa6a1968bec021657ec1dd7bac7d8df055c9ac25563687d357e1f68927d1e277
    installed_at: '2026-05-16T06:10:06.901Z'
    templates_version: 1.6.0
  .specflow/scripts/backlog/view.sh:
    sha256: d005d127063b76d9504e40992e595abff754c3c8cdc3da75e825b652285ae595
    installed_at: '2026-05-16T06:10:06.901Z'
    templates_version: 1.6.0
  .specflow/scripts/bash/check-prerequisites.sh:
    sha256: 426ebdd9534a77f041c65a48602854bfb8d65a2186754ab5841ce53933a70a78
    installed_at: '2026-05-16T06:10:06.901Z'
    templates_version: 1.6.0
  .specflow/scripts/bash/common.sh:
    sha256: 2ed65016611c1ee504313ebc5c9899824ab24cd44927d879bb2cd58f39397765
    installed_at: '2026-05-16T06:10:06.901Z'
    templates_version: 1.6.0
  .specflow/scripts/bash/create-new-feature.sh:
    sha256: fa2a5206f264d6bf04d4a60dbdf3ed71faf44b7ff020eb6824e3f22e9eb01355
    installed_at: '2026-05-16T06:10:06.901Z'
    templates_version: 1.6.0
  .specflow/scripts/bash/setup-plan.sh:
    sha256: bcaa0ccbf45b7d9ea9bff04006500d7eb28a2bdf82bcc819986b21e5294bf76c
    installed_at: '2026-05-16T06:10:06.901Z'
    templates_version: 1.6.0
  .specflow/scripts/powershell/check-prerequisites.ps1:
    sha256: cd084b8f36e737ae1fc072c0f061ba5abf6fa81ca408afd2d070e27eca26b234
    installed_at: '2026-05-16T06:10:06.901Z'
    templates_version: 1.6.0
  .specflow/scripts/powershell/common.ps1:
    sha256: e7d61282ec21c173f9d25037a48dbae977b55777edc122e853041a449be02fc5
    installed_at: '2026-05-16T06:10:06.901Z'
    templates_version: 1.6.0
  .specflow/scripts/powershell/create-new-feature.ps1:
    sha256: a1fdaba92e7ef190b294c1e80c5f0198cd2c4885665140f9dfc7b115b5568acb
    installed_at: '2026-05-16T06:10:06.901Z'
    templates_version: 1.6.0
  .specflow/scripts/powershell/setup-plan.ps1:
    sha256: c13ec3f33330e74aa088979c69bf35fe641301aaa50b2c1203c10ce94bcad338
    installed_at: '2026-05-16T06:10:06.901Z'
    templates_version: 1.6.0
  .specflow/scripts/release/release-github.sh:
    sha256: 66efd1be7dff6904e3fcfdf9b4f789952822d47ec4ede464ec5322c119bbbbf8
    installed_at: '2026-05-16T06:10:06.901Z'
    templates_version: 1.6.0
  .specflow/scripts/release/release-gitlab.sh:
    sha256: f804523eef81c8b6be39261eed662dd0df5d582b435d7235ff96e53cb4e4489e
    installed_at: '2026-05-16T06:10:06.901Z'
    templates_version: 1.6.0
  .specflow/scripts/release/release-local.sh:
    sha256: 23e7a566bf4dbfdbe4ab1780bef81f0615c23844fdf772f6ccd799915df1e4d9
    installed_at: '2026-05-16T06:10:06.901Z'
    templates_version: 1.6.0
  .specflow/scripts/release/release.sh:
    sha256: 1523ccd8e7caaaafe3f4d2de7e76455231e2b0c2f855fbeb9106ad21465f91b1
    installed_at: '2026-05-16T06:10:06.901Z'
    templates_version: 1.6.0
  .specflow/scripts/release/tag.sh:
    sha256: 2ac5956469c43aff38bcaabf35ae143f8948f50c413bdbf1a152eb1120930fb1
    installed_at: '2026-05-16T06:10:06.901Z'
    templates_version: 1.6.0
  .specflow/templates/agent-file-template.md:
    sha256: 55ed438c2e861444ef22f45fe5238f3ebf0dc1cb6e53067d7232fbbf4ce82892
    installed_at: '2026-05-16T06:10:06.901Z'
    templates_version: 1.6.0
  .specflow/templates/checklist-template.md:
    sha256: 49f02fb4810eb5f88bead3f305cdb86b48905bcdd95c0b8ae2cf558a3999f432
    installed_at: '2026-05-16T06:10:06.901Z'
    templates_version: 1.6.0
  .specflow/templates/constitution-template.md:
    sha256: 77cf9019325a47e662af40637b9c0dbe28459ea2be8278862fba83c64d9f2e82
    installed_at: '2026-05-16T06:10:06.901Z'
    templates_version: 1.6.0
  .specflow/templates/plan-template.md:
    sha256: a90bb8c0497b6a058cfeba5ab7a9983304f7ce3a13ec8e25346e0ecc72156d19
    installed_at: '2026-05-16T06:10:06.901Z'
    templates_version: 1.6.0
  .specflow/templates/spec-template.md:
    sha256: ce3ece6927fb1fd36c8a62edfeff6dfc473c7549f26c4bae76015aa1fcdf45e4
    installed_at: '2026-05-16T06:10:06.901Z'
    templates_version: 1.6.0
  .specflow/templates/tasks-template.md:
    sha256: 02c43ff8eda2e731684e05fa9ae3d02fe62f0d498021f2636e8e04dac3ff0d18
    installed_at: '2026-05-16T06:10:06.901Z'
    templates_version: 1.6.0
  AGENTS.md:
    sha256: 77b49675737b222a4e1e86d350c8b70bace2929909b4ce5807fc768eb48fb69a
    installed_at: '2026-05-16T06:10:06.901Z'
    templates_version: 1.6.0
